<?xml version="1.0" encoding="UTF-8" standalone="yes" ?>
<CodeBlocks_project_file>
	<FileVersion major="1" minor="6" />
	<Project>
		<Option title="AnnoCiv" />
		<Option pch_mode="2" />
		<Option compiler="gcc" />
		<Build>
			<Target title="Release">
				<Option output="bin/AnnoCiv" prefix_auto="1" extension_auto="1" />
				<Option object_output="obj/" />
				<Option type="0" />
				<Option compiler="gcc" />
				<Compiler>
					<Add option="-O2" />
				</Compiler>
				<Linker>
					<Add option="-s" />
				</Linker>
			</Target>
		</Build>
		<Compiler>
			<Add option="-Wall" />
			<Add option="`sdl-config --cflags`" />
		</Compiler>
		<Linker>
			<Add option="`sdl-config --libs`" />
			<Add library="SDL" />
			<Add library="SDL_ttf" />
			<Add library="SDL_mixer" />
			<Add library="SDL_image" />
			<Add library="SDL_gfx" />
		</Linker>
		<Unit filename="City.h" />
		<Unit filename="Faction.h" />
		<Unit filename="GameMap.h" />
		<Unit filename="GameState.h" />
		<Unit filename="Language.h" />
		<Unit filename="Point.h" />
		<Unit filename="README" />
		<Unit filename="Research.h" />
		<Unit filename="Tile.h" />
		<Unit filename="Unit.h" />
		<Unit filename="cb.bmp" />
		<Unit filename="city_ops.cpp" />
		<Unit filename="clean_up.cpp" />
		<Unit filename="do_ai.cpp" />
		<Unit filename="do_turn.cpp" />
		<Unit filename="generate_map.cpp" />
		<Unit filename="globals.h" />
		<Unit filename="header.h" />
		<Unit filename="language_ops.cpp" />
		<Unit filename="load_media.cpp" />
		<Unit filename="log.cpp" />
		<Unit filename="main.cpp" />
		<Unit filename="main_game_interface.cpp" />
		<Unit filename="main_menu.cpp" />
		<Unit filename="new_game_setup.cpp" />
		<Unit filename="print_full_picture.cpp" />
		<Unit filename="print_image_at.cpp" />
		<Unit filename="print_interface.cpp" />
		<Unit filename="print_map.cpp" />
		<Unit filename="put_text_at.cpp" />
		<Unit filename="save_and_load.cpp" />
		<Unit filename="show_intro.cpp" />
		<Unit filename="tile_ops.cpp" />
		<Unit filename="unit_ops.cpp" />
		<Extensions>
			<envvars />
			<code_completion />
			<debugger />
			<lib_finder disable_auto="1" />
		</Extensions>
	</Project>
</CodeBlocks_project_file>
